
Microsoft Visual Studio Solution File, Format Version 12.00
# Visual Studio Version 17
Project("{2150E333-8FDC-42A3-9474-1A3956D46DE8}") = "CMakePredefinedTargets", "CMakePredefinedTargets", "{1619F3C0-CD0F-35CD-81E6-A3E6CCF6FBE9}"
EndProject
Project("{8BC9CEB8-8B4A-11D0-8D11-00A0C91BC942}") = "CSC8503", "CSC8503\CSC8503.vcxproj", "{2456E6A1-C10F-3A40-968A-F8FE7A5C3725}"
	ProjectSection(ProjectDependencies) = postProject
		{D104112C-595B-3EEF-9A19-01F440108F28} = {D104112C-595B-3EEF-9A19-01F440108F28}
		{6AEDC206-CA78-3AF9-996D-904456710F12} = {6AEDC206-CA78-3AF9-996D-904456710F12}
		{C7D03C91-2A1D-3A7E-A021-A223FFEF082E} = {C7D03C91-2A1D-3A7E-A021-A223FFEF082E}
		{74C73BC0-AE9C-3528-83E9-AE6D8C3897F8} = {74C73BC0-AE9C-3528-83E9-AE6D8C3897F8}
	EndProjectSection
EndProject
Project("{8BC9CEB8-8B4A-11D0-8D11-00A0C91BC942}") = "ALL_BUILD", "ALL_BUILD.vcxproj", "{0D867B0A-1A1C-386E-A480-E5832E964E07}"
	ProjectSection(ProjectDependencies) = postProject
		{2456E6A1-C10F-3A40-968A-F8FE7A5C3725} = {2456E6A1-C10F-3A40-968A-F8FE7A5C3725}
		{D104112C-595B-3EEF-9A19-01F440108F28} = {D104112C-595B-3EEF-9A19-01F440108F28}
		{6AEDC206-CA78-3AF9-996D-904456710F12} = {6AEDC206-CA78-3AF9-996D-904456710F12}
		{C7D03C91-2A1D-3A7E-A021-A223FFEF082E} = {C7D03C91-2A1D-3A7E-A021-A223FFEF082E}
		{74C73BC0-AE9C-3528-83E9-AE6D8C3897F8} = {74C73BC0-AE9C-3528-83E9-AE6D8C3897F8}
	EndProjectSection
EndProject
Project("{8BC9CEB8-8B4A-11D0-8D11-00A0C91BC942}") = "CSC8503CoreClasses", "CSC8503CoreClasses\CSC8503CoreClasses.vcxproj", "{D104112C-595B-3EEF-9A19-01F440108F28}"
	ProjectSection(ProjectDependencies) = postProject
		{74C73BC0-AE9C-3528-83E9-AE6D8C3897F8} = {74C73BC0-AE9C-3528-83E9-AE6D8C3897F8}
	EndProjectSection
EndProject
Project("{8BC9CEB8-8B4A-11D0-8D11-00A0C91BC942}") = "NCLCoreClasses", "NCLCoreClasses\NCLCoreClasses.vcxproj", "{6AEDC206-CA78-3AF9-996D-904456710F12}"
	ProjectSection(ProjectDependencies) = postProject
		{74C73BC0-AE9C-3528-83E9-AE6D8C3897F8} = {74C73BC0-AE9C-3528-83E9-AE6D8C3897F8}
	EndProjectSection
EndProject
Project("{8BC9CEB8-8B4A-11D0-8D11-00A0C91BC942}") = "OpenGLRendering", "OpenGLRendering\OpenGLRendering.vcxproj", "{C7D03C91-2A1D-3A7E-A021-A223FFEF082E}"
	ProjectSection(ProjectDependencies) = postProject
		{6AEDC206-CA78-3AF9-996D-904456710F12} = {6AEDC206-CA78-3AF9-996D-904456710F12}
		{74C73BC0-AE9C-3528-83E9-AE6D8C3897F8} = {74C73BC0-AE9C-3528-83E9-AE6D8C3897F8}
	EndProjectSection
EndProject
Project("{8BC9CEB8-8B4A-11D0-8D11-00A0C91BC942}") = "ZERO_CHECK", "ZERO_CHECK.vcxproj", "{74C73BC0-AE9C-3528-83E9-AE6D8C3897F8}"
	ProjectSection(ProjectDependencies) = postProject
	EndProjectSection
EndProject
Global
	GlobalSection(SolutionConfigurationPlatforms) = preSolution
		Debug|x64 = Debug|x64
		Release|x64 = Release|x64
	EndGlobalSection
	GlobalSection(ProjectConfigurationPlatforms) = postSolution
		{2456E6A1-C10F-3A40-968A-F8FE7A5C3725}.Debug|x64.ActiveCfg = Debug|x64
		{2456E6A1-C10F-3A40-968A-F8FE7A5C3725}.Debug|x64.Build.0 = Debug|x64
		{2456E6A1-C10F-3A40-968A-F8FE7A5C3725}.Release|x64.ActiveCfg = Release|x64
		{2456E6A1-C10F-3A40-968A-F8FE7A5C3725}.Release|x64.Build.0 = Release|x64
		{0D867B0A-1A1C-386E-A480-E5832E964E07}.Debug|x64.ActiveCfg = Debug|x64
		{0D867B0A-1A1C-386E-A480-E5832E964E07}.Release|x64.ActiveCfg = Release|x64
		{D104112C-595B-3EEF-9A19-01F440108F28}.Debug|x64.ActiveCfg = Debug|x64
		{D104112C-595B-3EEF-9A19-01F440108F28}.Debug|x64.Build.0 = Debug|x64
		{D104112C-595B-3EEF-9A19-01F440108F28}.Release|x64.ActiveCfg = Release|x64
		{D104112C-595B-3EEF-9A19-01F440108F28}.Release|x64.Build.0 = Release|x64
		{6AEDC206-CA78-3AF9-996D-904456710F12}.Debug|x64.ActiveCfg = Debug|x64
		{6AEDC206-CA78-3AF9-996D-904456710F12}.Debug|x64.Build.0 = Debug|x64
		{6AEDC206-CA78-3AF9-996D-904456710F12}.Release|x64.ActiveCfg = Release|x64
		{6AEDC206-CA78-3AF9-996D-904456710F12}.Release|x64.Build.0 = Release|x64
		{C7D03C91-2A1D-3A7E-A021-A223FFEF082E}.Debug|x64.ActiveCfg = Debug|x64
		{C7D03C91-2A1D-3A7E-A021-A223FFEF082E}.Debug|x64.Build.0 = Debug|x64
		{C7D03C91-2A1D-3A7E-A021-A223FFEF082E}.Release|x64.ActiveCfg = Release|x64
		{C7D03C91-2A1D-3A7E-A021-A223FFEF082E}.Release|x64.Build.0 = Release|x64
		{74C73BC0-AE9C-3528-83E9-AE6D8C3897F8}.Debug|x64.ActiveCfg = Debug|x64
		{74C73BC0-AE9C-3528-83E9-AE6D8C3897F8}.Debug|x64.Build.0 = Debug|x64
		{74C73BC0-AE9C-3528-83E9-AE6D8C3897F8}.Release|x64.ActiveCfg = Release|x64
		{74C73BC0-AE9C-3528-83E9-AE6D8C3897F8}.Release|x64.Build.0 = Release|x64
	EndGlobalSection
	GlobalSection(NestedProjects) = preSolution
		{0D867B0A-1A1C-386E-A480-E5832E964E07} = {1619F3C0-CD0F-35CD-81E6-A3E6CCF6FBE9}
		{74C73BC0-AE9C-3528-83E9-AE6D8C3897F8} = {1619F3C0-CD0F-35CD-81E6-A3E6CCF6FBE9}
	EndGlobalSection
	GlobalSection(ExtensibilityGlobals) = postSolution
		SolutionGuid = {FE6C797B-72D1-3718-AE4C-9F88A0C9BA23}
	EndGlobalSection
	GlobalSection(ExtensibilityAddIns) = postSolution
	EndGlobalSection
EndGlobal
