<?xml version="1.0" encoding="utf-8"?>
<Project ToolsVersion="17.0" xmlns="http://schemas.microsoft.com/developer/msbuild/2003">
  <ItemGroup>
    <ClCompile Include="C:\Users\c0021401\Documents\GitHub\CSC8503 2023\CSC8503CoreClasses\CMakeFiles\CSC8503CoreClasses.dir\cmake_pch.cxx">
      <Filter>Source Files</Filter>
    </ClCompile>
    <ClCompile Include="C:\Users\c0021401\Documents\GitHub\CSC8503 2023\CSC8503CoreClasses\Debug.h">
      <Filter>Header Files</Filter>
    </ClCompile>
    <ClCompile Include="C:\Users\c0021401\Documents\GitHub\CSC8503 2023\CSC8503CoreClasses\GameObject.h">
      <Filter>Header Files</Filter>
    </ClCompile>
    <ClCompile Include="C:\Users\c0021401\Documents\GitHub\CSC8503 2023\CSC8503CoreClasses\GameWorld.h">
      <Filter>Header Files</Filter>
    </ClCompile>
    <ClCompile Include="C:\Users\c0021401\Documents\GitHub\CSC8503 2023\CSC8503CoreClasses\RenderObject.h">
      <Filter>Header Files</Filter>
    </ClCompile>
    <ClCompile Include="C:\Users\c0021401\Documents\GitHub\CSC8503 2023\CSC8503CoreClasses\Transform.h">
      <Filter>Header Files</Filter>
    </ClCompile>
    <ClCompile Include="C:\Users\c0021401\Documents\GitHub\CSC8503 2023\CSC8503CoreClasses\Debug.cpp">
      <Filter>Source Files</Filter>
    </ClCompile>
    <ClCompile Include="C:\Users\c0021401\Documents\GitHub\CSC8503 2023\CSC8503CoreClasses\GameObject.cpp">
      <Filter>Source Files</Filter>
    </ClCompile>
    <ClCompile Include="C:\Users\c0021401\Documents\GitHub\CSC8503 2023\CSC8503CoreClasses\GameWorld.cpp">
      <Filter>Source Files</Filter>
    </ClCompile>
    <ClCompile Include="C:\Users\c0021401\Documents\GitHub\CSC8503 2023\CSC8503CoreClasses\RenderObject.cpp">
      <Filter>Source Files</Filter>
    </ClCompile>
    <ClCompile Include="C:\Users\c0021401\Documents\GitHub\CSC8503 2023\CSC8503CoreClasses\Transform.cpp">
      <Filter>Source Files</Filter>
    </ClCompile>
    <ClCompile Include="C:\Users\c0021401\Documents\GitHub\CSC8503 2023\CSC8503CoreClasses\BehaviourAction.h">
      <Filter>AI\Behaviour Trees</Filter>
    </ClCompile>
    <ClCompile Include="C:\Users\c0021401\Documents\GitHub\CSC8503 2023\CSC8503CoreClasses\BehaviourNode.h">
      <Filter>AI\Behaviour Trees</Filter>
    </ClCompile>
    <ClCompile Include="C:\Users\c0021401\Documents\GitHub\CSC8503 2023\CSC8503CoreClasses\BehaviourNodeWithChildren.h">
      <Filter>AI\Behaviour Trees</Filter>
    </ClCompile>
    <ClCompile Include="C:\Users\c0021401\Documents\GitHub\CSC8503 2023\CSC8503CoreClasses\BehaviourSelector.h">
      <Filter>AI\Behaviour Trees</Filter>
    </ClCompile>
    <ClCompile Include="C:\Users\c0021401\Documents\GitHub\CSC8503 2023\CSC8503CoreClasses\BehaviourSelector.cpp">
      <Filter>AI\Behaviour Trees</Filter>
    </ClCompile>
    <ClCompile Include="C:\Users\c0021401\Documents\GitHub\CSC8503 2023\CSC8503CoreClasses\BehaviourSequence.h">
      <Filter>AI\Behaviour Trees</Filter>
    </ClCompile>
    <ClCompile Include="C:\Users\c0021401\Documents\GitHub\CSC8503 2023\CSC8503CoreClasses\BehaviourSequence.cpp">
      <Filter>AI\Behaviour Trees</Filter>
    </ClCompile>
    <ClCompile Include="C:\Users\c0021401\Documents\GitHub\CSC8503 2023\CSC8503CoreClasses\PushdownMachine.h">
      <Filter>AI\Pushdown Automata</Filter>
    </ClCompile>
    <ClCompile Include="C:\Users\c0021401\Documents\GitHub\CSC8503 2023\CSC8503CoreClasses\PushdownMachine.cpp">
      <Filter>AI\Pushdown Automata</Filter>
    </ClCompile>
    <ClCompile Include="C:\Users\c0021401\Documents\GitHub\CSC8503 2023\CSC8503CoreClasses\PushdownState.h">
      <Filter>AI\Pushdown Automata</Filter>
    </ClCompile>
    <ClCompile Include="C:\Users\c0021401\Documents\GitHub\CSC8503 2023\CSC8503CoreClasses\PushdownState.cpp">
      <Filter>AI\Pushdown Automata</Filter>
    </ClCompile>
    <ClCompile Include="C:\Users\c0021401\Documents\GitHub\CSC8503 2023\CSC8503CoreClasses\State.h">
      <Filter>AI\State Machine</Filter>
    </ClCompile>
    <ClCompile Include="C:\Users\c0021401\Documents\GitHub\CSC8503 2023\CSC8503CoreClasses\StateMachine.h">
      <Filter>AI\State Machine</Filter>
    </ClCompile>
    <ClCompile Include="C:\Users\c0021401\Documents\GitHub\CSC8503 2023\CSC8503CoreClasses\StateMachine.cpp">
      <Filter>AI\State Machine</Filter>
    </ClCompile>
    <ClCompile Include="C:\Users\c0021401\Documents\GitHub\CSC8503 2023\CSC8503CoreClasses\StateTransition.h">
      <Filter>AI\State Machine</Filter>
    </ClCompile>
    <ClCompile Include="C:\Users\c0021401\Documents\GitHub\CSC8503 2023\CSC8503CoreClasses\NavigationGrid.h">
      <Filter>AI\Pathfinding</Filter>
    </ClCompile>
    <ClCompile Include="C:\Users\c0021401\Documents\GitHub\CSC8503 2023\CSC8503CoreClasses\NavigationGrid.cpp">
      <Filter>AI\Pathfinding</Filter>
    </ClCompile>
    <ClCompile Include="C:\Users\c0021401\Documents\GitHub\CSC8503 2023\CSC8503CoreClasses\NavigationMesh.cpp">
      <Filter>AI\Pathfinding</Filter>
    </ClCompile>
    <ClCompile Include="C:\Users\c0021401\Documents\GitHub\CSC8503 2023\CSC8503CoreClasses\NavigationMesh.h">
      <Filter>AI\Pathfinding</Filter>
    </ClCompile>
    <ClCompile Include="C:\Users\c0021401\Documents\GitHub\CSC8503 2023\CSC8503CoreClasses\NavigationMap.h">
      <Filter>AI\Pathfinding</Filter>
    </ClCompile>
    <ClCompile Include="C:\Users\c0021401\Documents\GitHub\CSC8503 2023\CSC8503CoreClasses\NavigationPath.h">
      <Filter>AI\Pathfinding</Filter>
    </ClCompile>
    <ClCompile Include="C:\Users\c0021401\Documents\GitHub\CSC8503 2023\CSC8503CoreClasses\AABBVolume.h">
      <Filter>Collision Detection</Filter>
    </ClCompile>
    <ClCompile Include="C:\Users\c0021401\Documents\GitHub\CSC8503 2023\CSC8503CoreClasses\CapsuleVolume.h">
      <Filter>Collision Detection</Filter>
    </ClCompile>
    <ClCompile Include="C:\Users\c0021401\Documents\GitHub\CSC8503 2023\CSC8503CoreClasses\CollisionDetection.h">
      <Filter>Collision Detection</Filter>
    </ClCompile>
    <ClCompile Include="C:\Users\c0021401\Documents\GitHub\CSC8503 2023\CSC8503CoreClasses\CollisionDetection.cpp">
      <Filter>Collision Detection</Filter>
    </ClCompile>
    <ClCompile Include="C:\Users\c0021401\Documents\GitHub\CSC8503 2023\CSC8503CoreClasses\CollisionVolume.h">
      <Filter>Collision Detection</Filter>
    </ClCompile>
    <ClCompile Include="C:\Users\c0021401\Documents\GitHub\CSC8503 2023\CSC8503CoreClasses\OBBVolume.h">
      <Filter>Collision Detection</Filter>
    </ClCompile>
    <ClCompile Include="C:\Users\c0021401\Documents\GitHub\CSC8503 2023\CSC8503CoreClasses\QuadTree.h">
      <Filter>Collision Detection</Filter>
    </ClCompile>
    <ClCompile Include="C:\Users\c0021401\Documents\GitHub\CSC8503 2023\CSC8503CoreClasses\QuadTree.cpp">
      <Filter>Collision Detection</Filter>
    </ClCompile>
    <ClCompile Include="C:\Users\c0021401\Documents\GitHub\CSC8503 2023\CSC8503CoreClasses\Ray.h">
      <Filter>Collision Detection</Filter>
    </ClCompile>
    <ClCompile Include="C:\Users\c0021401\Documents\GitHub\CSC8503 2023\CSC8503CoreClasses\SphereVolume.h">
      <Filter>Collision Detection</Filter>
    </ClCompile>
    <ClCompile Include="C:\Users\c0021401\Documents\GitHub\CSC8503 2023\CSC8503CoreClasses\GameClient.h">
      <Filter>Networking</Filter>
    </ClCompile>
    <ClCompile Include="C:\Users\c0021401\Documents\GitHub\CSC8503 2023\CSC8503CoreClasses\GameClient.cpp">
      <Filter>Networking</Filter>
    </ClCompile>
    <ClCompile Include="C:\Users\c0021401\Documents\GitHub\CSC8503 2023\CSC8503CoreClasses\GameServer.h">
      <Filter>Networking</Filter>
    </ClCompile>
    <ClCompile Include="C:\Users\c0021401\Documents\GitHub\CSC8503 2023\CSC8503CoreClasses\GameServer.cpp">
      <Filter>Networking</Filter>
    </ClCompile>
    <ClCompile Include="C:\Users\c0021401\Documents\GitHub\CSC8503 2023\CSC8503CoreClasses\NetworkBase.h">
      <Filter>Networking</Filter>
    </ClCompile>
    <ClCompile Include="C:\Users\c0021401\Documents\GitHub\CSC8503 2023\CSC8503CoreClasses\NetworkBase.cpp">
      <Filter>Networking</Filter>
    </ClCompile>
    <ClCompile Include="C:\Users\c0021401\Documents\GitHub\CSC8503 2023\CSC8503CoreClasses\NetworkObject.h">
      <Filter>Networking</Filter>
    </ClCompile>
    <ClCompile Include="C:\Users\c0021401\Documents\GitHub\CSC8503 2023\CSC8503CoreClasses\NetworkObject.cpp">
      <Filter>Networking</Filter>
    </ClCompile>
    <ClCompile Include="C:\Users\c0021401\Documents\GitHub\CSC8503 2023\CSC8503CoreClasses\NetworkState.h">
      <Filter>Networking</Filter>
    </ClCompile>
    <ClCompile Include="C:\Users\c0021401\Documents\GitHub\CSC8503 2023\CSC8503CoreClasses\NetworkState.cpp">
      <Filter>Networking</Filter>
    </ClCompile>
    <ClCompile Include="C:\Users\c0021401\Documents\GitHub\CSC8503 2023\CSC8503CoreClasses\Constraint.h">
      <Filter>Physics</Filter>
    </ClCompile>
    <ClCompile Include="C:\Users\c0021401\Documents\GitHub\CSC8503 2023\CSC8503CoreClasses\PositionConstraint.cpp">
      <Filter>Physics</Filter>
    </ClCompile>
    <ClCompile Include="C:\Users\c0021401\Documents\GitHub\CSC8503 2023\CSC8503CoreClasses\PositionConstraint.h">
      <Filter>Physics</Filter>
    </ClCompile>
    <ClCompile Include="C:\Users\c0021401\Documents\GitHub\CSC8503 2023\CSC8503CoreClasses\OrientationConstraint.cpp">
      <Filter>Physics</Filter>
    </ClCompile>
    <ClCompile Include="C:\Users\c0021401\Documents\GitHub\CSC8503 2023\CSC8503CoreClasses\OrientationConstraint.h">
      <Filter>Physics</Filter>
    </ClCompile>
    <ClCompile Include="C:\Users\c0021401\Documents\GitHub\CSC8503 2023\CSC8503CoreClasses\PhysicsObject.cpp">
      <Filter>Physics</Filter>
    </ClCompile>
    <ClCompile Include="C:\Users\c0021401\Documents\GitHub\CSC8503 2023\CSC8503CoreClasses\PhysicsObject.h">
      <Filter>Physics</Filter>
    </ClCompile>
    <ClCompile Include="C:\Users\c0021401\Documents\GitHub\CSC8503 2023\CSC8503CoreClasses\PhysicsSystem.cpp">
      <Filter>Physics</Filter>
    </ClCompile>
    <ClCompile Include="C:\Users\c0021401\Documents\GitHub\CSC8503 2023\CSC8503CoreClasses\PhysicsSystem.h">
      <Filter>Physics</Filter>
    </ClCompile>
    <ClCompile Include="C:\Users\c0021401\Documents\GitHub\CSC8503 2023\CSC8503CoreClasses\enet\callbacks.c">
      <Filter>eNet</Filter>
    </ClCompile>
    <ClCompile Include="C:\Users\c0021401\Documents\GitHub\CSC8503 2023\CSC8503CoreClasses\enet\list.h">
      <Filter>eNet</Filter>
    </ClCompile>
    <ClCompile Include="C:\Users\c0021401\Documents\GitHub\CSC8503 2023\CSC8503CoreClasses\enet\list.c">
      <Filter>eNet</Filter>
    </ClCompile>
    <ClCompile Include="C:\Users\c0021401\Documents\GitHub\CSC8503 2023\CSC8503CoreClasses\enet\protocol.h">
      <Filter>eNet</Filter>
    </ClCompile>
    <ClCompile Include="C:\Users\c0021401\Documents\GitHub\CSC8503 2023\CSC8503CoreClasses\enet\protocol.c">
      <Filter>eNet</Filter>
    </ClCompile>
    <ClCompile Include="C:\Users\c0021401\Documents\GitHub\CSC8503 2023\CSC8503CoreClasses\enet\win32.h">
      <Filter>eNet</Filter>
    </ClCompile>
    <ClCompile Include="C:\Users\c0021401\Documents\GitHub\CSC8503 2023\CSC8503CoreClasses\enet\win32.c">
      <Filter>eNet</Filter>
    </ClCompile>
    <ClCompile Include="C:\Users\c0021401\Documents\GitHub\CSC8503 2023\CSC8503CoreClasses\enet\enet.h">
      <Filter>eNet</Filter>
    </ClCompile>
    <ClCompile Include="C:\Users\c0021401\Documents\GitHub\CSC8503 2023\CSC8503CoreClasses\enet\time.h">
      <Filter>eNet</Filter>
    </ClCompile>
    <ClCompile Include="C:\Users\c0021401\Documents\GitHub\CSC8503 2023\CSC8503CoreClasses\enet\types.h">
      <Filter>eNet</Filter>
    </ClCompile>
    <ClCompile Include="C:\Users\c0021401\Documents\GitHub\CSC8503 2023\CSC8503CoreClasses\enet\utility.h">
      <Filter>eNet</Filter>
    </ClCompile>
    <ClCompile Include="C:\Users\c0021401\Documents\GitHub\CSC8503 2023\CSC8503CoreClasses\enet\compress.c">
      <Filter>eNet</Filter>
    </ClCompile>
    <ClCompile Include="C:\Users\c0021401\Documents\GitHub\CSC8503 2023\CSC8503CoreClasses\enet\host.c">
      <Filter>eNet</Filter>
    </ClCompile>
    <ClCompile Include="C:\Users\c0021401\Documents\GitHub\CSC8503 2023\CSC8503CoreClasses\enet\packet.c">
      <Filter>eNet</Filter>
    </ClCompile>
    <ClCompile Include="C:\Users\c0021401\Documents\GitHub\CSC8503 2023\CSC8503CoreClasses\enet\peer.c">
      <Filter>eNet</Filter>
    </ClCompile>
  </ItemGroup>
  <ItemGroup>
    <ClInclude Include="C:\Users\c0021401\Documents\GitHub\CSC8503 2023\CSC8503CoreClasses\CMakeFiles\CSC8503CoreClasses.dir\Debug\cmake_pch.hxx">
      <Filter>Precompile Header File</Filter>
    </ClInclude>
    <ClInclude Include="C:\Users\c0021401\Documents\GitHub\CSC8503 2023\CSC8503CoreClasses\CMakeFiles\CSC8503CoreClasses.dir\Release\cmake_pch.hxx">
      <Filter>Precompile Header File</Filter>
    </ClInclude>
  </ItemGroup>
  <ItemGroup>
    <CustomBuild Include="C:\Users\c0021401\Documents\GitHub\CSC8503 2023\CSC8503CoreClasses\CMakeLists.txt" />
  </ItemGroup>
  <ItemGroup>
    <Filter Include="AI">
      <UniqueIdentifier>{9BAE04BA-AF4C-311D-9EC3-24D093BAFC72}</UniqueIdentifier>
    </Filter>
    <Filter Include="AI\Behaviour Trees">
      <UniqueIdentifier>{7856BD6D-B82B-369A-B20D-38534D2D69E5}</UniqueIdentifier>
    </Filter>
    <Filter Include="AI\Pathfinding">
      <UniqueIdentifier>{A5BC08EE-17AD-3DC9-80F6-AE73C7A3FCC3}</UniqueIdentifier>
    </Filter>
    <Filter Include="AI\Pushdown Automata">
      <UniqueIdentifier>{D684B1BE-1B83-3350-AD1C-03947F321BDD}</UniqueIdentifier>
    </Filter>
    <Filter Include="AI\State Machine">
      <UniqueIdentifier>{C7E6C33B-F951-34B6-9892-4EE8F94DE9F1}</UniqueIdentifier>
    </Filter>
    <Filter Include="Collision Detection">
      <UniqueIdentifier>{BF8028DB-1050-30F5-99CA-31B80C6776C1}</UniqueIdentifier>
    </Filter>
    <Filter Include="Header Files">
      <UniqueIdentifier>{87B58322-09CF-3105-993B-F1ADF7DC03E7}</UniqueIdentifier>
    </Filter>
    <Filter Include="Networking">
      <UniqueIdentifier>{0D0A0FB8-350A-3887-BC0D-C6442DF427DD}</UniqueIdentifier>
    </Filter>
    <Filter Include="Physics">
      <UniqueIdentifier>{519799DE-CE8C-34BB-848B-CDB95F2FC2B3}</UniqueIdentifier>
    </Filter>
    <Filter Include="Precompile Header File">
      <UniqueIdentifier>{E0013E91-68E3-3DB6-A9D5-E89FC8E2BDFE}</UniqueIdentifier>
    </Filter>
    <Filter Include="Source Files">
      <UniqueIdentifier>{914FE0CF-C586-3E26-9A43-8E16E81900C9}</UniqueIdentifier>
    </Filter>
    <Filter Include="eNet">
      <UniqueIdentifier>{D0AB659C-7986-38AC-998F-B52B5F42C699}</UniqueIdentifier>
    </Filter>
  </ItemGroup>
</Project>
